// !$*UTF8*$!
{
	archiveVersion = 1;
	classes = {
	};
	objectVersion = 77;
	objects = {

/* Begin PBXBuildFile section */
		012005D52DB7E77F00757911 /* HNreader watchOS.app in Embed Watch Content */ = {isa = PBXBuildFile; fileRef = 01CAE7582DB641F3005B504D /* HNreader watchOS.app */; platformFilter = ios; settings = {ATTRIBUTES = (RemoveHeadersOnCopy, ); }; };
		012005E22DB7E99500757911 /* SafariServices.framework in Frameworks */ = {isa = PBXBuildFile; fileRef = 012005E12DB7E99500757911 /* SafariServices.framework */; };
		01280A312E8C30CE00664073 /* README.md in Sources */ = {isa = PBXBuildFile; fileRef = 01280A302E8C30CA00664073 /* README.md */; };
/* End PBXBuildFile section */

/* Begin PBXContainerItemProxy section */
		012005D12DB7E71A00757911 /* PBXContainerItemProxy */ = {
			isa = PBXContainerItemProxy;
			containerPortal = 016268162DB5657D005A7985 /* Project object */;
			proxyType = 1;
			remoteGlobalIDString = 01CAE7572DB641F3005B504D;
			remoteInfo = "HNreader watchOS";
		};
		012005D62DB7E77F00757911 /* PBXContainerItemProxy */ = {
			isa = PBXContainerItemProxy;
			containerPortal = 016268162DB5657D005A7985 /* Project object */;
			proxyType = 1;
			remoteGlobalIDString = 01CAE7572DB641F3005B504D;
			remoteInfo = "HNreader watchOS";
		};
		0162682D2DB5657F005A7985 /* PBXContainerItemProxy */ = {
			isa = PBXContainerItemProxy;
			containerPortal = 016268162DB5657D005A7985 /* Project object */;
			proxyType = 1;
			remoteGlobalIDString = 0162681D2DB5657D005A7985;
			remoteInfo = HNreader;
		};
		016268372DB5657F005A7985 /* PBXContainerItemProxy */ = {
			isa = PBXContainerItemProxy;
			containerPortal = 016268162DB5657D005A7985 /* Project object */;
			proxyType = 1;
			remoteGlobalIDString = 0162681D2DB5657D005A7985;
			remoteInfo = HNreader;
		};
/* End PBXContainerItemProxy section */

/* Begin PBXCopyFilesBuildPhase section */
		012005D32DB7E74100757911 /* CopyFiles */ = {
			isa = PBXCopyFilesBuildPhase;
			buildActionMask = 2147483647;
			dstPath = "";
			dstSubfolderSpec = 7;
			files = (
			);
			runOnlyForDeploymentPostprocessing = 0;
		};
		012005D82DB7E78000757911 /* Embed Watch Content */ = {
			isa = PBXCopyFilesBuildPhase;
			buildActionMask = 2147483647;
			dstPath = "$(CONTENTS_FOLDER_PATH)/Watch";
			dstSubfolderSpec = 16;
			files = (
				012005D52DB7E77F00757911 /* HNreader watchOS.app in Embed Watch Content */,
			);
			name = "Embed Watch Content";
			runOnlyForDeploymentPostprocessing = 0;
		};
/* End PBXCopyFilesBuildPhase section */

/* Begin PBXFileReference section */
		012005E12DB7E99500757911 /* SafariServices.framework */ = {isa = PBXFileReference; lastKnownFileType = wrapper.framework; name = SafariServices.framework; path = Platforms/iPhoneOS.platform/Developer/SDKs/iPhoneOS18.4.sdk/System/Library/Frameworks/SafariServices.framework; sourceTree = DEVELOPER_DIR; };
		01280A302E8C30CA00664073 /* README.md */ = {isa = PBXFileReference; lastKnownFileType = sourcecode.swift; path = README.md; sourceTree = "<group>"; };
		0162681E2DB5657D005A7985 /* HNreader.app */ = {isa = PBXFileReference; explicitFileType = wrapper.application; includeInIndex = 0; path = HNreader.app; sourceTree = BUILT_PRODUCTS_DIR; };
		0162682C2DB5657F005A7985 /* HNreader Tests.xctest */ = {isa = PBXFileReference; explicitFileType = wrapper.cfbundle; includeInIndex = 0; path = "HNreader Tests.xctest"; sourceTree = BUILT_PRODUCTS_DIR; };
		016268362DB5657F005A7985 /* HNreader UI Tests.xctest */ = {isa = PBXFileReference; explicitFileType = wrapper.cfbundle; includeInIndex = 0; path = "HNreader UI Tests.xctest"; sourceTree = BUILT_PRODUCTS_DIR; };
		01CAE7582DB641F3005B504D /* HNreader watchOS.app */ = {isa = PBXFileReference; explicitFileType = wrapper.application; includeInIndex = 0; path = "HNreader watchOS.app"; sourceTree = BUILT_PRODUCTS_DIR; };
/* End PBXFileReference section */

/* Begin PBXFileSystemSynchronizedBuildFileExceptionSet section */
		012005F62DB7FB0D00757911 /* Exceptions for "HNreader" folder in "HNreader" target */ = {
			isa = PBXFileSystemSynchronizedBuildFileExceptionSet;
			membershipExceptions = (
				Resources/Info.plist,
			);
			target = 0162681D2DB5657D005A7985 /* HNreader */;
		};
		01CAE7872DB642B4005B504D /* Exceptions for "HNreader" folder in "HNreader watchOS" target */ = {
			isa = PBXFileSystemSynchronizedBuildFileExceptionSet;
			membershipExceptions = (
				DataType/FeedType.swift,
				DataType/NewsItem.swift,
				"Extension/Logger+Singleton.swift",
				"Extension/String+HTML.swift",
				HNreaderApp.swift,
				Model/BaseModel.swift,
				Model/ListModel.swift,
				Model/NewsItemModel.swift,
				Resources/Assets.xcassets,
				View/AuthorView.swift,
				View/CommentContainerView.swift,
				View/CommentView.swift,
				View/LeftAlignedText.swift,
				View/LinkButton.swift,
				View/ListItemView.swift,
				View/ListView.swift,
				View/TabView.swift,
			);
			target = 01CAE7572DB641F3005B504D /* HNreader watchOS */;
		};
/* End PBXFileSystemSynchronizedBuildFileExceptionSet section */

/* Begin PBXFileSystemSynchronizedRootGroup section */
		016268202DB5657D005A7985 /* HNreader */ = {
			isa = PBXFileSystemSynchronizedRootGroup;
			exceptions = (
				012005F62DB7FB0D00757911 /* Exceptions for "HNreader" folder in "HNreader" target */,
				01CAE7872DB642B4005B504D /* Exceptions for "HNreader" folder in "HNreader watchOS" target */,
			);
			path = HNreader;
			sourceTree = "<group>";
		};
		0162682F2DB5657F005A7985 /* HNreaderTests */ = {
			isa = PBXFileSystemSynchronizedRootGroup;
			path = HNreaderTests;
			sourceTree = "<group>";
		};
		016268392DB5657F005A7985 /* HNreaderUITests */ = {
			isa = PBXFileSystemSynchronizedRootGroup;
			path = HNreaderUITests;
			sourceTree = "<group>";
		};
/* End PBXFileSystemSynchronizedRootGroup section */

/* Begin PBXFrameworksBuildPhase section */
		0162681B2DB5657D005A7985 /* Frameworks */ = {
			isa = PBXFrameworksBuildPhase;
			buildActionMask = 2147483647;
			files = (
				012005E22DB7E99500757911 /* SafariServices.framework in Frameworks */,
			);
			runOnlyForDeploymentPostprocessing = 0;
		};
		016268292DB5657F005A7985 /* Frameworks */ = {
			isa = PBXFrameworksBuildPhase;
			buildActionMask = 2147483647;
			files = (
			);
			runOnlyForDeploymentPostprocessing = 0;
		};
		016268332DB5657F005A7985 /* Frameworks */ = {
			isa = PBXFrameworksBuildPhase;
			buildActionMask = 2147483647;
			files = (
			);
			runOnlyForDeploymentPostprocessing = 0;
		};
		01CAE7552DB641F3005B504D /* Frameworks */ = {
			isa = PBXFrameworksBuildPhase;
			buildActionMask = 2147483647;
			files = (
			);
			runOnlyForDeploymentPostprocessing = 0;
		};
/* End PBXFrameworksBuildPhase section */

/* Begin PBXGroup section */
		012005D42DB7E77F00757911 /* Frameworks */ = {
			isa = PBXGroup;
			children = (
				012005E12DB7E99500757911 /* SafariServices.framework */,
			);
			name = Frameworks;
			sourceTree = "<group>";
		};
		016268152DB5657D005A7985 = {
			isa = PBXGroup;
			children = (
				01280A302E8C30CA00664073 /* README.md */,
				016268202DB5657D005A7985 /* HNreader */,
				0162682F2DB5657F005A7985 /* HNreaderTests */,
				016268392DB5657F005A7985 /* HNreaderUITests */,
				012005D42DB7E77F00757911 /* Frameworks */,
				0162681F2DB5657D005A7985 /* Products */,
			);
			sourceTree = "<group>";
		};
		0162681F2DB5657D005A7985 /* Products */ = {
			isa = PBXGroup;
			children = (
				0162681E2DB5657D005A7985 /* HNreader.app */,
				0162682C2DB5657F005A7985 /* HNreader Tests.xctest */,
				016268362DB5657F005A7985 /* HNreader UI Tests.xctest */,
				01CAE7582DB641F3005B504D /* HNreader watchOS.app */,
			);
			name = Products;
			sourceTree = "<group>";
		};
/* End PBXGroup section */

/* Begin PBXNativeTarget section */
		0162681D2DB5657D005A7985 /* HNreader */ = {
			isa = PBXNativeTarget;
			buildConfigurationList = 016268402DB5657F005A7985 /* Build configuration list for PBXNativeTarget "HNreader" */;
			buildPhases = (
				0162681A2DB5657D005A7985 /* Sources */,
				0162681B2DB5657D005A7985 /* Frameworks */,
				0162681C2DB5657D005A7985 /* Resources */,
				012005D32DB7E74100757911 /* CopyFiles */,
				012005D82DB7E78000757911 /* Embed Watch Content */,
			);
			buildRules = (
			);
			dependencies = (
				012005D22DB7E71A00757911 /* PBXTargetDependency */,
				012005D72DB7E77F00757911 /* PBXTargetDependency */,
			);
			fileSystemSynchronizedGroups = (
				016268202DB5657D005A7985 /* HNreader */,
			);
			name = HNreader;
			packageProductDependencies = (
			);
			productName = HNreader;
			productReference = 0162681E2DB5657D005A7985 /* HNreader.app */;
			productType = "com.apple.product-type.application";
		};
		0162682B2DB5657F005A7985 /* HNreader Tests */ = {
			isa = PBXNativeTarget;
			buildConfigurationList = 016268432DB5657F005A7985 /* Build configuration list for PBXNativeTarget "HNreader Tests" */;
			buildPhases = (
				016268282DB5657F005A7985 /* Sources */,
				016268292DB5657F005A7985 /* Frameworks */,
				0162682A2DB5657F005A7985 /* Resources */,
			);
			buildRules = (
			);
			dependencies = (
				0162682E2DB5657F005A7985 /* PBXTargetDependency */,
			);
			fileSystemSynchronizedGroups = (
				0162682F2DB5657F005A7985 /* HNreaderTests */,
			);
			name = "HNreader Tests";
			packageProductDependencies = (
			);
			productName = HNreaderTests;
			productReference = 0162682C2DB5657F005A7985 /* HNreader Tests.xctest */;
			productType = "com.apple.product-type.bundle.unit-test";
		};
		016268352DB5657F005A7985 /* HNreader UI Tests */ = {
			isa = PBXNativeTarget;
			buildConfigurationList = 016268462DB5657F005A7985 /* Build configuration list for PBXNativeTarget "HNreader UI Tests" */;
			buildPhases = (
				016268322DB5657F005A7985 /* Sources */,
				016268332DB5657F005A7985 /* Frameworks */,
				016268342DB5657F005A7985 /* Resources */,
			);
			buildRules = (
			);
			dependencies = (
				016268382DB5657F005A7985 /* PBXTargetDependency */,
			);
			fileSystemSynchronizedGroups = (
				016268392DB5657F005A7985 /* HNreaderUITests */,
			);
			name = "HNreader UI Tests";
			packageProductDependencies = (
			);
			productName = HNreaderUITests;
			productReference = 016268362DB5657F005A7985 /* HNreader UI Tests.xctest */;
			productType = "com.apple.product-type.bundle.ui-testing";
		};
		01CAE7572DB641F3005B504D /* HNreader watchOS */ = {
			isa = PBXNativeTarget;
			buildConfigurationList = 01CAE7822DB641F4005B504D /* Build configuration list for PBXNativeTarget "HNreader watchOS" */;
			buildPhases = (
				01CAE7542DB641F3005B504D /* Sources */,
				01CAE7552DB641F3005B504D /* Frameworks */,
				01CAE7562DB641F3005B504D /* Resources */,
			);
			buildRules = (
			);
			dependencies = (
			);
			name = "HNreader watchOS";
			packageProductDependencies = (
			);
			productName = "HNreader-watchOS Watch App";
			productReference = 01CAE7582DB641F3005B504D /* HNreader watchOS.app */;
			productType = "com.apple.product-type.application";
		};
/* End PBXNativeTarget section */

/* Begin PBXProject section */
		016268162DB5657D005A7985 /* Project object */ = {
			isa = PBXProject;
			attributes = {
				BuildIndependentTargetsInParallel = 1;
				LastSwiftUpdateCheck = 1630;
				LastUpgradeCheck = 1630;
				TargetAttributes = {
					0162681D2DB5657D005A7985 = {
						CreatedOnToolsVersion = 16.3;
					};
					0162682B2DB5657F005A7985 = {
						CreatedOnToolsVersion = 16.3;
						TestTargetID = 0162681D2DB5657D005A7985;
					};
					016268352DB5657F005A7985 = {
						CreatedOnToolsVersion = 16.3;
						TestTargetID = 0162681D2DB5657D005A7985;
					};
					01CAE7572DB641F3005B504D = {
						CreatedOnToolsVersion = 16.3;
					};
				};
			};
			buildConfigurationList = 016268192DB5657D005A7985 /* Build configuration list for PBXProject "HNreader" */;
			developmentRegion = en;
			hasScannedForEncodings = 0;
			knownRegions = (
				en,
				Base,
			);
			mainGroup = 016268152DB5657D005A7985;
			minimizedProjectReferenceProxies = 1;
			preferredProjectObjectVersion = 77;
			productRefGroup = 0162681F2DB5657D005A7985 /* Products */;
			projectDirPath = "";
			projectRoot = "";
			targets = (
				0162681D2DB5657D005A7985 /* HNreader */,
				0162682B2DB5657F005A7985 /* HNreader Tests */,
				016268352DB5657F005A7985 /* HNreader UI Tests */,
				01CAE7572DB641F3005B504D /* HNreader watchOS */,
			);
		};
/* End PBXProject section */

/* Begin PBXResourcesBuildPhase section */
		0162681C2DB5657D005A7985 /* Resources */ = {
			isa = PBXResourcesBuildPhase;
			buildActionMask = 2147483647;
			files = (
			);
			runOnlyForDeploymentPostprocessing = 0;
		};
		0162682A2DB5657F005A7985 /* Resources */ = {
			isa = PBXResourcesBuildPhase;
			buildActionMask = 2147483647;
			files = (
			);
			runOnlyForDeploymentPostprocessing = 0;
		};
		016268342DB5657F005A7985 /* Resources */ = {
			isa = PBXResourcesBuildPhase;
			buildActionMask = 2147483647;
			files = (
			);
			runOnlyForDeploymentPostprocessing = 0;
		};
		01CAE7562DB641F3005B504D /* Resources */ = {
			isa = PBXResourcesBuildPhase;
			buildActionMask = 2147483647;
			files = (
			);
			runOnlyForDeploymentPostprocessing = 0;
		};
/* End PBXResourcesBuildPhase section */

/* Begin PBXSourcesBuildPhase section */
		0162681A2DB5657D005A7985 /* Sources */ = {
			isa = PBXSourcesBuildPhase;
			buildActionMask = 2147483647;
			files = (
				01280A312E8C30CE00664073 /* README.md in Sources */,
			);
			runOnlyForDeploymentPostprocessing = 0;
		};
		016268282DB5657F005A7985 /* Sources */ = {
			isa = PBXSourcesBuildPhase;
			buildActionMask = 2147483647;
			files = (
			);
			runOnlyForDeploymentPostprocessing = 0;
		};
		016268322DB5657F005A7985 /* Sources */ = {
			isa = PBXSourcesBuildPhase;
			buildActionMask = 2147483647;
			files = (
			);
			runOnlyForDeploymentPostprocessing = 0;
		};
		01CAE7542DB641F3005B504D /* Sources */ = {
			isa = PBXSourcesBuildPhase;
			buildActionMask = 2147483647;
			files = (
			);
			runOnlyForDeploymentPostprocessing = 0;
		};
/* End PBXSourcesBuildPhase section */

/* Begin PBXTargetDependency section */
		012005D22DB7E71A00757911 /* PBXTargetDependency */ = {
			isa = PBXTargetDependency;
			platformFilter = ios;
			target = 01CAE7572DB641F3005B504D /* HNreader watchOS */;
			targetProxy = 012005D12DB7E71A00757911 /* PBXContainerItemProxy */;
		};
		012005D72DB7E77F00757911 /* PBXTargetDependency */ = {
			isa = PBXTargetDependency;
			target = 01CAE7572DB641F3005B504D /* HNreader watchOS */;
			targetProxy = 012005D62DB7E77F00757911 /* PBXContainerItemProxy */;
		};
		0162682E2DB5657F005A7985 /* PBXTargetDependency */ = {
			isa = PBXTargetDependency;
			target = 0162681D2DB5657D005A7985 /* HNreader */;
			targetProxy = 0162682D2DB5657F005A7985 /* PBXContainerItemProxy */;
		};
		016268382DB5657F005A7985 /* PBXTargetDependency */ = {
			isa = PBXTargetDependency;
			target = 0162681D2DB5657D005A7985 /* HNreader */;
			targetProxy = 016268372DB5657F005A7985 /* PBXContainerItemProxy */;
		};
/* End PBXTargetDependency section */

/* Begin XCBuildConfiguration section */
		0162683E2DB5657F005A7985 /* Debug */ = {
			isa = XCBuildConfiguration;
			buildSettings = {
				ALWAYS_SEARCH_USER_PATHS = NO;
				ASSETCATALOG_COMPILER_GENERATE_SWIFT_ASSET_SYMBOL_EXTENSIONS = YES;
				CLANG_ANALYZER_NONNULL = YES;
				CLANG_ANALYZER_NUMBER_OBJECT_CONVERSION = YES_AGGRESSIVE;
				CLANG_CXX_LANGUAGE_STANDARD = "gnu++20";
				CLANG_ENABLE_MODULES = YES;
				CLANG_ENABLE_OBJC_ARC = YES;
				CLANG_ENABLE_OBJC_WEAK = YES;
				CLANG_WARN_BLOCK_CAPTURE_AUTORELEASING = YES;
				CLANG_WARN_BOOL_CONVERSION = YES;
				CLANG_WARN_COMMA = YES;
				CLANG_WARN_CONSTANT_CONVERSION = YES;
				CLANG_WARN_DEPRECATED_OBJC_IMPLEMENTATIONS = YES;
				CLANG_WARN_DIRECT_OBJC_ISA_USAGE = YES_ERROR;
				CLANG_WARN_DOCUMENTATION_COMMENTS = YES;
				CLANG_WARN_EMPTY_BODY = YES;
				CLANG_WARN_ENUM_CONVERSION = YES;
				CLANG_WARN_INFINITE_RECURSION = YES;
				CLANG_WARN_INT_CONVERSION = YES;
				CLANG_WARN_NON_LITERAL_NULL_CONVERSION = YES;
				CLANG_WARN_OBJC_IMPLICIT_RETAIN_SELF = YES;
				CLANG_WARN_OBJC_LITERAL_CONVERSION = YES;
				CLANG_WARN_OBJC_ROOT_CLASS = YES_ERROR;
				CLANG_WARN_QUOTED_INCLUDE_IN_FRAMEWORK_HEADER = YES;
				CLANG_WARN_RANGE_LOOP_ANALYSIS = YES;
				CLANG_WARN_STRICT_PROTOTYPES = YES;
				CLANG_WARN_SUSPICIOUS_MOVE = YES;
				CLANG_WARN_UNGUARDED_AVAILABILITY = YES_AGGRESSIVE;
				CLANG_WARN_UNREACHABLE_CODE = YES;
				CLANG_WARN__DUPLICATE_METHOD_MATCH = YES;
				COPY_PHASE_STRIP = NO;
				DEBUG_INFORMATION_FORMAT = dwarf;
				DEVELOPMENT_TEAM = 2AD47BTDQ6;
				ENABLE_STRICT_OBJC_MSGSEND = YES;
				ENABLE_TESTABILITY = YES;
				ENABLE_USER_SCRIPT_SANDBOXING = YES;
				GCC_C_LANGUAGE_STANDARD = gnu17;
				GCC_DYNAMIC_NO_PIC = NO;
				GCC_NO_COMMON_BLOCKS = YES;
				GCC_OPTIMIZATION_LEVEL = 0;
				GCC_PREPROCESSOR_DEFINITIONS = (
					"DEBUG=1",
					"$(inherited)",
				);
				GCC_WARN_64_TO_32_BIT_CONVERSION = YES;
				GCC_WARN_ABOUT_RETURN_TYPE = YES_ERROR;
				GCC_WARN_UNDECLARED_SELECTOR = YES;
				GCC_WARN_UNINITIALIZED_AUTOS = YES_AGGRESSIVE;
				GCC_WARN_UNUSED_FUNCTION = YES;
				GCC_WARN_UNUSED_VARIABLE = YES;
				LOCALIZATION_PREFERS_STRING_CATALOGS = YES;
				MTL_ENABLE_DEBUG_INFO = INCLUDE_SOURCE;
				MTL_FAST_MATH = YES;
				ONLY_ACTIVE_ARCH = YES;
				SWIFT_ACTIVE_COMPILATION_CONDITIONS = "DEBUG $(inherited)";
				SWIFT_OPTIMIZATION_LEVEL = "-Onone";
			};
			name = Debug;
		};
		0162683F2DB5657F005A7985 /* Release */ = {
			isa = XCBuildConfiguration;
			buildSettings = {
				ALWAYS_SEARCH_USER_PATHS = NO;
				ASSETCATALOG_COMPILER_GENERATE_SWIFT_ASSET_SYMBOL_EXTENSIONS = YES;
				CLANG_ANALYZER_NONNULL = YES;
				CLANG_ANALYZER_NUMBER_OBJECT_CONVERSION = YES_AGGRESSIVE;
				CLANG_CXX_LANGUAGE_STANDARD = "gnu++20";
				CLANG_ENABLE_MODULES = YES;
				CLANG_ENABLE_OBJC_ARC = YES;
				CLANG_ENABLE_OBJC_WEAK = YES;
				CLANG_WARN_BLOCK_CAPTURE_AUTORELEASING = YES;
				CLANG_WARN_BOOL_CONVERSION = YES;
				CLANG_WARN_COMMA = YES;
				CLANG_WARN_CONSTANT_CONVERSION = YES;
				CLANG_WARN_DEPRECATED_OBJC_IMPLEMENTATIONS = YES;
				CLANG_WARN_DIRECT_OBJC_ISA_USAGE = YES_ERROR;
				CLANG_WARN_DOCUMENTATION_COMMENTS = YES;
				CLANG_WARN_EMPTY_BODY = YES;
				CLANG_WARN_ENUM_CONVERSION = YES;
				CLANG_WARN_INFINITE_RECURSION = YES;
				CLANG_WARN_INT_CONVERSION = YES;
				CLANG_WARN_NON_LITERAL_NULL_CONVERSION = YES;
				CLANG_WARN_OBJC_IMPLICIT_RETAIN_SELF = YES;
				CLANG_WARN_OBJC_LITERAL_CONVERSION = YES;
				CLANG_WARN_OBJC_ROOT_CLASS = YES_ERROR;
				CLANG_WARN_QUOTED_INCLUDE_IN_FRAMEWORK_HEADER = YES;
				CLANG_WARN_RANGE_LOOP_ANALYSIS = YES;
				CLANG_WARN_STRICT_PROTOTYPES = YES;
				CLANG_WARN_SUSPICIOUS_MOVE = YES;
				CLANG_WARN_UNGUARDED_AVAILABILITY = YES_AGGRESSIVE;
				CLANG_WARN_UNREACHABLE_CODE = YES;
				CLANG_WARN__DUPLICATE_METHOD_MATCH = YES;
				COPY_PHASE_STRIP = NO;
				DEBUG_INFORMATION_FORMAT = "dwarf-with-dsym";
				DEVELOPMENT_TEAM = 2AD47BTDQ6;
				ENABLE_NS_ASSERTIONS = NO;
				ENABLE_STRICT_OBJC_MSGSEND = YES;
				ENABLE_USER_SCRIPT_SANDBOXING = YES;
				GCC_C_LANGUAGE_STANDARD = gnu17;
				GCC_NO_COMMON_BLOCKS = YES;
				GCC_WARN_64_TO_32_BIT_CONVERSION = YES;
				GCC_WARN_ABOUT_RETURN_TYPE = YES_ERROR;
				GCC_WARN_UNDECLARED_SELECTOR = YES;
				GCC_WARN_UNINITIALIZED_AUTOS = YES_AGGRESSIVE;
				GCC_WARN_UNUSED_FUNCTION = YES;
				GCC_WARN_UNUSED_VARIABLE = YES;
				LOCALIZATION_PREFERS_STRING_CATALOGS = YES;
				MTL_ENABLE_DEBUG_INFO = NO;
				MTL_FAST_MATH = YES;
				SWIFT_COMPILATION_MODE = wholemodule;
			};
			name = Release;
		};
		016268412DB5657F005A7985 /* Debug */ = {
			isa = XCBuildConfiguration;
			buildSettings = {
				ASSETCATALOG_COMPILER_APPICON_NAME = AppIcon;
				ASSETCATALOG_COMPILER_GLOBAL_ACCENT_COLOR_NAME = AccentColor;
				CODE_SIGN_ENTITLEMENTS = HNreader/Resources/HNreader.entitlements;
				CODE_SIGN_STYLE = Automatic;
				CURRENT_PROJECT_VERSION = 2;
				DEVELOPMENT_TEAM = 2AD47BTDQ6;
				ENABLE_HARDENED_RUNTIME = YES;
				ENABLE_PREVIEWS = YES;
				GENERATE_INFOPLIST_FILE = YES;
				INFOPLIST_FILE = HNreader/Resources/Info.plist;
				INFOPLIST_KEY_ITSAppUsesNonExemptEncryption = NO;
				INFOPLIST_KEY_LSApplicationCategoryType = "public.app-category.news";
				"INFOPLIST_KEY_UIApplicationSceneManifest_Generation[sdk=iphoneos*]" = YES;
				"INFOPLIST_KEY_UIApplicationSceneManifest_Generation[sdk=iphonesimulator*]" = YES;
				"INFOPLIST_KEY_UIApplicationSupportsIndirectInputEvents[sdk=iphoneos*]" = YES;
				"INFOPLIST_KEY_UIApplicationSupportsIndirectInputEvents[sdk=iphonesimulator*]" = YES;
				"INFOPLIST_KEY_UILaunchScreen_Generation[sdk=iphoneos*]" = YES;
				"INFOPLIST_KEY_UILaunchScreen_Generation[sdk=iphonesimulator*]" = YES;
				INFOPLIST_KEY_UILaunchStoryboardName = LaunchScreen;
				"INFOPLIST_KEY_UIStatusBarStyle[sdk=iphoneos*]" = UIStatusBarStyleDefault;
				"INFOPLIST_KEY_UIStatusBarStyle[sdk=iphonesimulator*]" = UIStatusBarStyleDefault;
				INFOPLIST_KEY_UISupportedInterfaceOrientations_iPad = "UIInterfaceOrientationPortrait UIInterfaceOrientationPortraitUpsideDown UIInterfaceOrientationLandscapeLeft UIInterfaceOrientationLandscapeRight";
				INFOPLIST_KEY_UISupportedInterfaceOrientations_iPhone = "UIInterfaceOrientationPortrait UIInterfaceOrientationLandscapeLeft UIInterfaceOrientationLandscapeRight";
				IPHONEOS_DEPLOYMENT_TARGET = 17.6;
				LD_RUNPATH_SEARCH_PATHS = "@executable_path/Frameworks";
				"LD_RUNPATH_SEARCH_PATHS[sdk=macosx*]" = "@executable_path/../Frameworks";
				MACOSX_DEPLOYMENT_TARGET = 15.0;
				MARKETING_VERSION = 2.0;
				PRODUCT_BUNDLE_IDENTIFIER = com.github.yep.swiftui.HackerNews;
				PRODUCT_NAME = "$(TARGET_NAME)";
				REGISTER_APP_GROUPS = YES;
				SDKROOT = auto;
				SUPPORTED_PLATFORMS = "iphoneos iphonesimulator xros xrsimulator";
				SUPPORTS_MACCATALYST = YES;
				SWIFT_EMIT_LOC_STRINGS = YES;
				SWIFT_VERSION = 5.0;
				TARGETED_DEVICE_FAMILY = "1,2,7";
				XROS_DEPLOYMENT_TARGET = 2.0;
			};
			name = Debug;
		};
		016268422DB5657F005A7985 /* Release */ = {
			isa = XCBuildConfiguration;
			buildSettings = {
				ASSETCATALOG_COMPILER_APPICON_NAME = AppIcon;
				ASSETCATALOG_COMPILER_GLOBAL_ACCENT_COLOR_NAME = AccentColor;
				CODE_SIGN_ENTITLEMENTS = HNreader/Resources/HNreader.entitlements;
				CODE_SIGN_STYLE = Automatic;
				CURRENT_PROJECT_VERSION = 2;
				DEVELOPMENT_TEAM = 2AD47BTDQ6;
				ENABLE_HARDENED_RUNTIME = YES;
				ENABLE_PREVIEWS = YES;
				GENERATE_INFOPLIST_FILE = YES;
				INFOPLIST_FILE = HNreader/Resources/Info.plist;
				INFOPLIST_KEY_ITSAppUsesNonExemptEncryption = NO;
				INFOPLIST_KEY_LSApplicationCategoryType = "public.app-category.news";
				"INFOPLIST_KEY_UIApplicationSceneManifest_Generation[sdk=iphoneos*]" = YES;
				"INFOPLIST_KEY_UIApplicationSceneManifest_Generation[sdk=iphonesimulator*]" = YES;
				"INFOPLIST_KEY_UIApplicationSupportsIndirectInputEvents[sdk=iphoneos*]" = YES;
				"INFOPLIST_KEY_UIApplicationSupportsIndirectInputEvents[sdk=iphonesimulator*]" = YES;
				INFOPLIST_KEY_UILaunchStoryboardName = LaunchScreen;
				"INFOPLIST_KEY_UIStatusBarStyle[sdk=iphoneos*]" = UIStatusBarStyleDefault;
				"INFOPLIST_KEY_UIStatusBarStyle[sdk=iphonesimulator*]" = UIStatusBarStyleDefault;
				INFOPLIST_KEY_UISupportedInterfaceOrientations_iPad = "UIInterfaceOrientationPortrait UIInterfaceOrientationPortraitUpsideDown UIInterfaceOrientationLandscapeLeft UIInterfaceOrientationLandscapeRight";
				INFOPLIST_KEY_UISupportedInterfaceOrientations_iPhone = "UIInterfaceOrientationPortrait UIInterfaceOrientationLandscapeLeft UIInterfaceOrientationLandscapeRight";
				IPHONEOS_DEPLOYMENT_TARGET = 17.6;
				LD_RUNPATH_SEARCH_PATHS = "@executable_path/Frameworks";
				"LD_RUNPATH_SEARCH_PATHS[sdk=macosx*]" = "@executable_path/../Frameworks";
				MACOSX_DEPLOYMENT_TARGET = 15.0;
				MARKETING_VERSION = 2.0;
				PRODUCT_BUNDLE_IDENTIFIER = com.github.yep.swiftui.HackerNews;
				PRODUCT_NAME = "$(TARGET_NAME)";
				REGISTER_APP_GROUPS = YES;
				SDKROOT = auto;
				SUPPORTED_PLATFORMS = "iphoneos iphonesimulator xros xrsimulator";
				SUPPORTS_MACCATALYST = YES;
				SWIFT_EMIT_LOC_STRINGS = YES;
				SWIFT_VERSION = 5.0;
				TARGETED_DEVICE_FAMILY = "1,2,7";
				XROS_DEPLOYMENT_TARGET = 2.0;
			};
			name = Release;
		};
		016268442DB5657F005A7985 /* Debug */ = {
			isa = XCBuildConfiguration;
			buildSettings = {
				BUNDLE_LOADER = "$(TEST_HOST)";
				CODE_SIGN_STYLE = Automatic;
				CURRENT_PROJECT_VERSION = 1;
				DEVELOPMENT_TEAM = 2AD47BTDQ6;
				GENERATE_INFOPLIST_FILE = YES;
				IPHONEOS_DEPLOYMENT_TARGET = 18.4;
				MACOSX_DEPLOYMENT_TARGET = 15.4;
				MARKETING_VERSION = 1.0;
				PRODUCT_BUNDLE_IDENTIFIER = com.github.yep.swiftui.HackerNews.HNreaderTests;
				PRODUCT_NAME = "$(TARGET_NAME)";
				SDKROOT = auto;
				SUPPORTED_PLATFORMS = "iphoneos iphonesimulator macosx xros xrsimulator";
				SWIFT_EMIT_LOC_STRINGS = NO;
				SWIFT_VERSION = 5.0;
				TARGETED_DEVICE_FAMILY = "1,2,7";
				TEST_HOST = "$(BUILT_PRODUCTS_DIR)/HNreader.app/$(BUNDLE_EXECUTABLE_FOLDER_PATH)/HNreader";
				XROS_DEPLOYMENT_TARGET = 2.4;
			};
			name = Debug;
		};
		016268452DB5657F005A7985 /* Release */ = {
			isa = XCBuildConfiguration;
			buildSettings = {
				BUNDLE_LOADER = "$(TEST_HOST)";
				CODE_SIGN_STYLE = Automatic;
				CURRENT_PROJECT_VERSION = 1;
				DEVELOPMENT_TEAM = 2AD47BTDQ6;
				GENERATE_INFOPLIST_FILE = YES;
				IPHONEOS_DEPLOYMENT_TARGET = 18.4;
				MACOSX_DEPLOYMENT_TARGET = 15.4;
				MARKETING_VERSION = 1.0;
				PRODUCT_BUNDLE_IDENTIFIER = com.github.yep.swiftui.HackerNews.HNreaderTests;
				PRODUCT_NAME = "$(TARGET_NAME)";
				SDKROOT = auto;
				SUPPORTED_PLATFORMS = "iphoneos iphonesimulator macosx xros xrsimulator";
				SWIFT_EMIT_LOC_STRINGS = NO;
				SWIFT_VERSION = 5.0;
				TARGETED_DEVICE_FAMILY = "1,2,7";
				TEST_HOST = "$(BUILT_PRODUCTS_DIR)/HNreader.app/$(BUNDLE_EXECUTABLE_FOLDER_PATH)/HNreader";
				XROS_DEPLOYMENT_TARGET = 2.4;
			};
			name = Release;
		};
		016268472DB5657F005A7985 /* Debug */ = {
			isa = XCBuildConfiguration;
			buildSettings = {
				CODE_SIGN_STYLE = Automatic;
				CURRENT_PROJECT_VERSION = 1;
				DEVELOPMENT_TEAM = 2AD47BTDQ6;
				GENERATE_INFOPLIST_FILE = YES;
				IPHONEOS_DEPLOYMENT_TARGET = 18.4;
				MACOSX_DEPLOYMENT_TARGET = 15.4;
				MARKETING_VERSION = 1.0;
				PRODUCT_BUNDLE_IDENTIFIER = com.github.yep.swiftui.HackerNews.HNreaderUITests;
				PRODUCT_NAME = "$(TARGET_NAME)";
				SDKROOT = auto;
				SUPPORTED_PLATFORMS = "iphoneos iphonesimulator macosx xros xrsimulator";
				SWIFT_EMIT_LOC_STRINGS = NO;
				SWIFT_VERSION = 5.0;
				TARGETED_DEVICE_FAMILY = "1,2,7";
				TEST_TARGET_NAME = HNreader;
				XROS_DEPLOYMENT_TARGET = 2.4;
			};
			name = Debug;
		};
		016268482DB5657F005A7985 /* Release */ = {
			isa = XCBuildConfiguration;
			buildSettings = {
				CODE_SIGN_STYLE = Automatic;
				CURRENT_PROJECT_VERSION = 1;
				DEVELOPMENT_TEAM = 2AD47BTDQ6;
				GENERATE_INFOPLIST_FILE = YES;
				IPHONEOS_DEPLOYMENT_TARGET = 18.4;
				MACOSX_DEPLOYMENT_TARGET = 15.4;
				MARKETING_VERSION = 1.0;
				PRODUCT_BUNDLE_IDENTIFIER = com.github.yep.swiftui.HackerNews.HNreaderUITests;
				PRODUCT_NAME = "$(TARGET_NAME)";
				SDKROOT = auto;
				SUPPORTED_PLATFORMS = "iphoneos iphonesimulator macosx xros xrsimulator";
				SWIFT_EMIT_LOC_STRINGS = NO;
				SWIFT_VERSION = 5.0;
				TARGETED_DEVICE_FAMILY = "1,2,7";
				TEST_TARGET_NAME = HNreader;
				XROS_DEPLOYMENT_TARGET = 2.4;
			};
			name = Release;
		};
		01CAE77C2DB641F4005B504D /* Debug */ = {
			isa = XCBuildConfiguration;
			buildSettings = {
				ASSETCATALOG_COMPILER_APPICON_NAME = AppIcon;
				ASSETCATALOG_COMPILER_GLOBAL_ACCENT_COLOR_NAME = AccentColor;
				CODE_SIGN_STYLE = Automatic;
				CURRENT_PROJECT_VERSION = 2;
				DEVELOPMENT_TEAM = 2AD47BTDQ6;
				ENABLE_PREVIEWS = YES;
				GENERATE_INFOPLIST_FILE = YES;
				INFOPLIST_FILE = HNreader/Resources/Info.plist;
				INFOPLIST_KEY_CFBundleDisplayName = HNreader;
				INFOPLIST_KEY_LSApplicationCategoryType = "";
				INFOPLIST_KEY_UISupportedInterfaceOrientations = "UIInterfaceOrientationPortrait UIInterfaceOrientationPortraitUpsideDown";
				INFOPLIST_KEY_WKCompanionAppBundleIdentifier = com.github.yep.swiftui.HackerNews;
				LD_RUNPATH_SEARCH_PATHS = (
					"$(inherited)",
					"@executable_path/Frameworks",
				);
				MARKETING_VERSION = 2.0;
				PRODUCT_BUNDLE_IDENTIFIER = com.github.yep.swiftui.HackerNews.watchOS;
				PRODUCT_NAME = "$(TARGET_NAME)";
				SDKROOT = watchos;
				SKIP_INSTALL = YES;
				SWIFT_EMIT_LOC_STRINGS = YES;
				SWIFT_VERSION = 5.0;
				TARGETED_DEVICE_FAMILY = 4;
				WATCHOS_DEPLOYMENT_TARGET = 10.0;
			};
			name = Debug;
		};
		01CAE77D2DB641F4005B504D /* Release */ = {
			isa = XCBuildConfiguration;
			buildSettings = {
				ASSETCATALOG_COMPILER_APPICON_NAME = AppIcon;
				ASSETCATALOG_COMPILER_GLOBAL_ACCENT_COLOR_NAME = AccentColor;
				CODE_SIGN_STYLE = Automatic;
				CURRENT_PROJECT_VERSION = 2;
				DEVELOPMENT_TEAM = 2AD47BTDQ6;
				ENABLE_PREVIEWS = YES;
				GENERATE_INFOPLIST_FILE = YES;
				INFOPLIST_FILE = HNreader/Resources/Info.plist;
				INFOPLIST_KEY_CFBundleDisplayName = HNreader;
				INFOPLIST_KEY_LSApplicationCategoryType = "";
				INFOPLIST_KEY_UISupportedInterfaceOrientations = "UIInterfaceOrientationPortrait UIInterfaceOrientationPortraitUpsideDown";
				INFOPLIST_KEY_WKCompanionAppBundleIdentifier = com.github.yep.swiftui.HackerNews;
				LD_RUNPATH_SEARCH_PATHS = (
					"$(inherited)",
					"@executable_path/Frameworks",
				);
				MARKETING_VERSION = 2.0;
				PRODUCT_BUNDLE_IDENTIFIER = com.github.yep.swiftui.HackerNews.watchOS;
				PRODUCT_NAME = "$(TARGET_NAME)";
				SDKROOT = watchos;
				SKIP_INSTALL = YES;
				SWIFT_EMIT_LOC_STRINGS = YES;
				SWIFT_VERSION = 5.0;
				TARGETED_DEVICE_FAMILY = 4;
				VALIDATE_PRODUCT = YES;
				WATCHOS_DEPLOYMENT_TARGET = 10.0;
			};
			name = Release;
		};
/* End XCBuildConfiguration section */

/* Begin XCConfigurationList section */
		016268192DB5657D005A7985 /* Build configuration list for PBXProject "HNreader" */ = {
			isa = XCConfigurationList;
			buildConfigurations = (
				0162683E2DB5657F005A7985 /* Debug */,
				0162683F2DB5657F005A7985 /* Release */,
			);
			defaultConfigurationIsVisible = 0;
			defaultConfigurationName = Release;
		};
		016268402DB5657F005A7985 /* Build configuration list for PBXNativeTarget "HNreader" */ = {
			isa = XCConfigurationList;
			buildConfigurations = (
				016268412DB5657F005A7985 /* Debug */,
				016268422DB5657F005A7985 /* Release */,
			);
			defaultConfigurationIsVisible = 0;
			defaultConfigurationName = Release;
		};
		016268432DB5657F005A7985 /* Build configuration list for PBXNativeTarget "HNreader Tests" */ = {
			isa = XCConfigurationList;
			buildConfigurations = (
				016268442DB5657F005A7985 /* Debug */,
				016268452DB5657F005A7985 /* Release */,
			);
			defaultConfigurationIsVisible = 0;
			defaultConfigurationName = Release;
		};
		016268462DB5657F005A7985 /* Build configuration list for PBXNativeTarget "HNreader UI Tests" */ = {
			isa = XCConfigurationList;
			buildConfigurations = (
				016268472DB5657F005A7985 /* Debug */,
				016268482DB5657F005A7985 /* Release */,
			);
			defaultConfigurationIsVisible = 0;
			defaultConfigurationName = Release;
		};
		01CAE7822DB641F4005B504D /* Build configuration list for PBXNativeTarget "HNreader watchOS" */ = {
			isa = XCConfigurationList;
			buildConfigurations = (
				01CAE77C2DB641F4005B504D /* Debug */,
				01CAE77D2DB641F4005B504D /* Release */,
			);
			defaultConfigurationIsVisible = 0;
			defaultConfigurationName = Release;
		};
/* End XCConfigurationList section */
	};
	rootObject = 016268162DB5657D005A7985 /* Project object */;
}
